
Microsoft Visual Studio Solution File, Format Version 12.00
# Visual Studio Version 17
VisualStudioVersion = 17.3.32901.215
MinimumVisualStudioVersion = 10.0.40219.1
Project("{FAE04EC0-301F-11D3-BF4B-00C04F79EFBC}") = "UowDesignPattern.PresentationLayer", "UowDesignPattern.PresentationLayer\UowDesignPattern.PresentationLayer.csproj", "{A13A2AD0-5ECE-4FB5-9B1F-414E3A545B79}"
EndProject
Project("{FAE04EC0-301F-11D3-BF4B-00C04F79EFBC}") = "UowDesignPattern.EntityLayer", "UowDesignPattern.EntityLayer\UowDesignPattern.EntityLayer.csproj", "{7CD0EED0-1780-4B46-90BC-FCA0AFA4F096}"
EndProject
Project("{FAE04EC0-301F-11D3-BF4B-00C04F79EFBC}") = "UowDesignPattern.DataAccessLayer", "UowDesignPattern.DataAccessLayer\UowDesignPattern.DataAccessLayer.csproj", "{7BB69F87-388F-4B99-A68A-70383A130A1E}"
EndProject
Project("{FAE04EC0-301F-11D3-BF4B-00C04F79EFBC}") = "UowDesignPattern.BusinessLayer", "UowDesignPattern.BusinessLayer\UowDesignPattern.BusinessLayer.csproj", "{1E8547CF-00CF-4E52-86B4-065B5CE241B5}"
EndProject
Global
	GlobalSection(SolutionConfigurationPlatforms) = preSolution
		Debug|Any CPU = Debug|Any CPU
		Release|Any CPU = Release|Any CPU
	EndGlobalSection
	GlobalSection(ProjectConfigurationPlatforms) = postSolution
		{A13A2AD0-5ECE-4FB5-9B1F-414E3A545B79}.Debug|Any CPU.ActiveCfg = Debug|Any CPU
		{A13A2AD0-5ECE-4FB5-9B1F-414E3A545B79}.Debug|Any CPU.Build.0 = Debug|Any CPU
		{A13A2AD0-5ECE-4FB5-9B1F-414E3A545B79}.Release|Any CPU.ActiveCfg = Release|Any CPU
		{A13A2AD0-5ECE-4FB5-9B1F-414E3A545B79}.Release|Any CPU.Build.0 = Release|Any CPU
		{7CD0EED0-1780-4B46-90BC-FCA0AFA4F096}.Debug|Any CPU.ActiveCfg = Debug|Any CPU
		{7CD0EED0-1780-4B46-90BC-FCA0AFA4F096}.Debug|Any CPU.Build.0 = Debug|Any CPU
		{7CD0EED0-1780-4B46-90BC-FCA0AFA4F096}.Release|Any CPU.ActiveCfg = Release|Any CPU
		{7CD0EED0-1780-4B46-90BC-FCA0AFA4F096}.Release|Any CPU.Build.0 = Release|Any CPU
		{7BB69F87-388F-4B99-A68A-70383A130A1E}.Debug|Any CPU.ActiveCfg = Debug|Any CPU
		{7BB69F87-388F-4B99-A68A-70383A130A1E}.Debug|Any CPU.Build.0 = Debug|Any CPU
		{7BB69F87-388F-4B99-A68A-70383A130A1E}.Release|Any CPU.ActiveCfg = Release|Any CPU
		{7BB69F87-388F-4B99-A68A-70383A130A1E}.Release|Any CPU.Build.0 = Release|Any CPU
		{1E8547CF-00CF-4E52-86B4-065B5CE241B5}.Debug|Any CPU.ActiveCfg = Debug|Any CPU
		{1E8547CF-00CF-4E52-86B4-065B5CE241B5}.Debug|Any CPU.Build.0 = Debug|Any CPU
		{1E8547CF-00CF-4E52-86B4-065B5CE241B5}.Release|Any CPU.ActiveCfg = Release|Any CPU
		{1E8547CF-00CF-4E52-86B4-065B5CE241B5}.Release|Any CPU.Build.0 = Release|Any CPU
	EndGlobalSection
	GlobalSection(SolutionProperties) = preSolution
		HideSolutionNode = FALSE
	EndGlobalSection
	GlobalSection(ExtensibilityGlobals) = postSolution
		SolutionGuid = {F2987F4C-360C-4BC4-8F24-6EA946B073DB}
	EndGlobalSection
EndGlobal
